<?xml version="1.0" encoding="utf-8"?>
<Project ToolsVersion="15.0" xmlns="http://schemas.microsoft.com/developer/msbuild/2003">
  <ItemGroup>
    <Filter Include="Resources">
      <UniqueIdentifier>accd3aa8-1ba0-4223-9bbe-0c431709210b</UniqueIdentifier>
      <Extensions>rc;ico;cur;bmp;dlg;rc2;rct;bin;rgs;gif;jpg;jpeg;jpe;resx;tga;tiff;tif;png;wav;mfcribbon-ms</Extensions>
    </Filter>
    <Filter Include="Generated Files">
      <UniqueIdentifier>{926ab91d-31b4-48c3-b9a4-e681349f27f0}</UniqueIdentifier>
    </Filter>
  </ItemGroup>
  <ItemGroup>
    <ClCompile Include="pch.cpp" />
    <ClCompile Include="$(GeneratedFilesDir)module.g.cpp" />
    <ClCompile Include="BikaHttpClient.cpp" />
    <ClCompile Include="Responses\Responses.LoginResponse.cpp" />
    <ClCompile Include="Blocks\Blocks.TagBlock.cpp" />
    <ClCompile Include="Date\Date.BikaDate.cpp" />
    <ClCompile Include="Blocks\Blocks.ImageBlock.cpp" />
    <ClCompile Include="Blocks\Blocks.CategoriesBlock.cpp" />
    <ClCompile Include="Blocks\Blocks.UserBlock.cpp" />
    <ClCompile Include="Responses\Responses.CategoriesResponse.cpp" />
    <ClCompile Include="Responses\Responses.UserResponse.cpp" />
    <ClCompile Include="Blocks\Blocks.ComicBlock.cpp" />
    <ClCompile Include="Responses\Responses.ComicsResponse.cpp" />
    <ClCompile Include="Blocks\Blocks.BookBlock.cpp" />
    <ClCompile Include="Responses\Responses.BookInfoResponse.cpp" />
    <ClCompile Include="Utils\Utils.BikaSort.cpp" />
    <ClCompile Include="Blocks\Blocks.EpisodeBlock.cpp" />
    <ClCompile Include="Responses\Responses.EpisodesResponse.cpp" />
    <ClCompile Include="Responses\Responses.PicturesResponse.cpp" />
    <ClCompile Include="Blocks\Blocks.CommentsBlock.cpp" />
    <ClCompile Include="Utils\Utils.BikaBoolean.cpp" />
  </ItemGroup>
  <ItemGroup>
    <ClInclude Include="pch.h" />
    <ClInclude Include="BikaHttpClient.h" />
    <ClInclude Include="Responses\Responses.LoginResponse.h" />
    <ClInclude Include="Blocks\Blocks.TagBlock.h" />
    <ClInclude Include="Date\Date.BikaDate.h" />
    <ClInclude Include="Blocks\Blocks.ImageBlock.h" />
    <ClInclude Include="Blocks\Blocks.CategoriesBlock.h" />
    <ClInclude Include="Blocks\Blocks.UserBlock.h" />
    <ClInclude Include="Responses\Responses.CategoriesResponse.h" />
    <ClInclude Include="Responses\Responses.UserResponse.h" />
    <ClInclude Include="Blocks\Blocks.ComicBlock.h" />
    <ClInclude Include="Responses\Responses.ComicsResponse.h" />
    <ClInclude Include="Blocks\Blocks.BookBlock.h" />
    <ClInclude Include="Responses\Responses.BookInfoResponse.h" />
    <ClInclude Include="Utils\Utils.BikaSort.h" />
    <ClInclude Include="Blocks\Blocks.EpisodeBlock.h" />
    <ClInclude Include="Responses\Responses.EpisodesResponse.h" />
    <ClInclude Include="Responses\Responses.PicturesResponse.h" />
    <ClInclude Include="Blocks\Blocks.CommentsBlock.h" />
    <ClInclude Include="Utils\Utils.BikaBoolean.h" />
  </ItemGroup>
  <ItemGroup>
    <None Include="BikaClient.def" />
    <None Include="packages.config" />
  </ItemGroup>
  <ItemGroup>
    <None Include="PropertySheet.props" />
  </ItemGroup>
  <ItemGroup>
    <Midl Include="BikaClient.idl" />
    <Midl Include="Responses\Responses.idl" />
    <Midl Include="Blocks\Blocks.idl" />
    <Midl Include="Date\BikaDate.idl" />
    <Midl Include="Utils\Utils.idl" />
  </ItemGroup>
</Project>